
Microsoft Visual Studio Solution File, Format Version 12.00
# Visual Studio Version 17
VisualStudioVersion = 17.13.35913.81
MinimumVisualStudioVersion = 10.0.40219.1
Project("{FAE04EC0-301F-11D3-BF4B-00C04F79EFBC}") = "PSS_Time_Tracker", "PSS_Time_Tracker\PSS_Time_Tracker.csproj", "{05ACE320-B6EC-4DB2-9DC4-50F9CDF13251}"
EndProject
Global
	GlobalSection(SolutionConfigurationPlatforms) = preSolution
		Debug|Any CPU = Debug|Any CPU
		Release|Any CPU = Release|Any CPU
	EndGlobalSection
	GlobalSection(ProjectConfigurationPlatforms) = postSolution
		{05ACE320-B6EC-4DB2-9DC4-50F9CDF13251}.Debug|Any CPU.ActiveCfg = Debug|Any CPU
		{05ACE320-B6EC-4DB2-9DC4-50F9CDF13251}.Debug|Any CPU.Build.0 = Debug|Any CPU
		{05ACE320-B6EC-4DB2-9DC4-50F9CDF13251}.Release|Any CPU.ActiveCfg = Release|Any CPU
		{05ACE320-B6EC-4DB2-9DC4-50F9CDF13251}.Release|Any CPU.Build.0 = Release|Any CPU
	EndGlobalSection
	GlobalSection(SolutionProperties) = preSolution
		HideSolutionNode = FALSE
	EndGlobalSection
	GlobalSection(ExtensibilityGlobals) = postSolution
		SolutionGuid = {ACCBE8CA-5E3F-4FE2-8364-10094AD5C974}
	EndGlobalSection
EndGlobal
